
Microsoft Visual Studio Solution File, Format Version 12.00
# Visual Studio Version 16
VisualStudioVersion = 16.0.29905.134
MinimumVisualStudioVersion = 10.0.40219.1
Project("{FAE04EC0-301F-11D3-BF4B-00C04F79EFBC}") = "SeleniumExamples", "SeleniumExamples\SeleniumExamples.csproj", "{7B0A51D1-B375-4795-8E2E-9673F0722AED}"
EndProject
Global
	GlobalSection(SolutionConfigurationPlatforms) = preSolution
		Debug|Any CPU = Debug|Any CPU
		Release|Any CPU = Release|Any CPU
	EndGlobalSection
	GlobalSection(ProjectConfigurationPlatforms) = postSolution
		{7B0A51D1-B375-4795-8E2E-9673F0722AED}.Debug|Any CPU.ActiveCfg = Debug|Any CPU
		{7B0A51D1-B375-4795-8E2E-9673F0722AED}.Debug|Any CPU.Build.0 = Debug|Any CPU
		{7B0A51D1-B375-4795-8E2E-9673F0722AED}.Release|Any CPU.ActiveCfg = Release|Any CPU
		{7B0A51D1-B375-4795-8E2E-9673F0722AED}.Release|Any CPU.Build.0 = Release|Any CPU
	EndGlobalSection
	GlobalSection(SolutionProperties) = preSolution
		HideSolutionNode = FALSE
	EndGlobalSection
	GlobalSection(ExtensibilityGlobals) = postSolution
		SolutionGuid = {C46CFC55-1156-4A15-B81C-4AF5D6C87813}
	EndGlobalSection
EndGlobal
